PODS:
  - Alamofire (5.5.0)
  - SwiftyJSON (5.0.1)

DEPENDENCIES:
  - Alamofire (~> 5.5)
  - SwiftyJSON

SPEC REPOS:
  trunk:
    - Alamofire
    - SwiftyJSON

SPEC CHECKSUMS:
  Alamofire: 1c4fb5369c3fe93d2857c780d8bbe09f06f97e7c
  SwiftyJSON: 2f33a42c6fbc52764d96f13368585094bfd8aa5e

PODFILE CHECKSUM: d1f5bd841c920b403ea155a9b365c961d2df7c18

COCOAPODS: 1.11.3
